
Microsoft Visual Studio Solution File, Format Version 12.00
# Visual Studio Version 16
VisualStudioVersion = 16.0.31005.135
MinimumVisualStudioVersion = 10.0.40219.1
Project("{8BC9CEB8-8B4A-11D0-8D11-00A0C91BC942}") = "Server", "Server\Server.vcxproj", "{95B4F2DA-CCB8-4DC2-822A-CA95453EDAC3}"
EndProject
Project("{8BC9CEB8-8B4A-11D0-8D11-00A0C91BC942}") = "Client", "Client\Client.vcxproj", "{07A36D2B-5DD0-496B-A985-BC2A2E701C21}"
EndProject
Global
	GlobalSection(SolutionConfigurationPlatforms) = preSolution
		Debug|x64 = Debug|x64
		Debug|x86 = Debug|x86
		Release|x64 = Release|x64
		Release|x86 = Release|x86
	EndGlobalSection
	GlobalSection(ProjectConfigurationPlatforms) = postSolution
		{95B4F2DA-CCB8-4DC2-822A-CA95453EDAC3}.Debug|x64.ActiveCfg = Debug|x64
		{95B4F2DA-CCB8-4DC2-822A-CA95453EDAC3}.Debug|x64.Build.0 = Debug|x64
		{95B4F2DA-CCB8-4DC2-822A-CA95453EDAC3}.Debug|x86.ActiveCfg = Debug|Win32
		{95B4F2DA-CCB8-4DC2-822A-CA95453EDAC3}.Debug|x86.Build.0 = Debug|Win32
		{95B4F2DA-CCB8-4DC2-822A-CA95453EDAC3}.Release|x64.ActiveCfg = Release|x64
		{95B4F2DA-CCB8-4DC2-822A-CA95453EDAC3}.Release|x64.Build.0 = Release|x64
		{95B4F2DA-CCB8-4DC2-822A-CA95453EDAC3}.Release|x86.ActiveCfg = Release|Win32
		{95B4F2DA-CCB8-4DC2-822A-CA95453EDAC3}.Release|x86.Build.0 = Release|Win32
		{07A36D2B-5DD0-496B-A985-BC2A2E701C21}.Debug|x64.ActiveCfg = Debug|x64
		{07A36D2B-5DD0-496B-A985-BC2A2E701C21}.Debug|x64.Build.0 = Debug|x64
		{07A36D2B-5DD0-496B-A985-BC2A2E701C21}.Debug|x86.ActiveCfg = Debug|Win32
		{07A36D2B-5DD0-496B-A985-BC2A2E701C21}.Debug|x86.Build.0 = Debug|Win32
		{07A36D2B-5DD0-496B-A985-BC2A2E701C21}.Release|x64.ActiveCfg = Release|x64
		{07A36D2B-5DD0-496B-A985-BC2A2E701C21}.Release|x64.Build.0 = Release|x64
		{07A36D2B-5DD0-496B-A985-BC2A2E701C21}.Release|x86.ActiveCfg = Release|Win32
		{07A36D2B-5DD0-496B-A985-BC2A2E701C21}.Release|x86.Build.0 = Release|Win32
	EndGlobalSection
	GlobalSection(SolutionProperties) = preSolution
		HideSolutionNode = FALSE
	EndGlobalSection
	GlobalSection(ExtensibilityGlobals) = postSolution
		SolutionGuid = {FA052169-FCFF-4910-B89D-0E19E00F8DE4}
	EndGlobalSection
EndGlobal
